
Microsoft Visual Studio Solution File, Format Version 12.00
# Visual Studio Version 16
VisualStudioVersion = 16.0.29609.76
MinimumVisualStudioVersion = 10.0.40219.1
Project("{FAE04EC0-301F-11D3-BF4B-00C04F79EFBC}") = "DesignPatternsDemo", "DesignPatternsDemo.csproj", "{2CB66976-CEC9-4DD9-B366-18BE937749D3}"
EndProject
Project("{2150E333-8FDC-42A3-9474-1A3956D46DE8}") = "Creational", "Creational", "{16B0267D-E059-4D9E-8333-AEF3A20513F1}"
EndProject
Project("{2150E333-8FDC-42A3-9474-1A3956D46DE8}") = "Structural", "Structural", "{8C752C13-CBE2-4783-B188-859BCD1EF5B1}"
EndProject
Project("{2150E333-8FDC-42A3-9474-1A3956D46DE8}") = "Behavioral", "Behavioral", "{4753255F-255B-4214-8903-ED5A51D29FEF}"
EndProject
Global
	GlobalSection(SolutionConfigurationPlatforms) = preSolution
		Debug|Any CPU = Debug|Any CPU
		Release|Any CPU = Release|Any CPU
	EndGlobalSection
	GlobalSection(ProjectConfigurationPlatforms) = postSolution
		{2CB66976-CEC9-4DD9-B366-18BE937749D3}.Debug|Any CPU.ActiveCfg = Debug|Any CPU
		{2CB66976-CEC9-4DD9-B366-18BE937749D3}.Debug|Any CPU.Build.0 = Debug|Any CPU
		{2CB66976-CEC9-4DD9-B366-18BE937749D3}.Release|Any CPU.ActiveCfg = Release|Any CPU
		{2CB66976-CEC9-4DD9-B366-18BE937749D3}.Release|Any CPU.Build.0 = Release|Any CPU
	EndGlobalSection
	GlobalSection(SolutionProperties) = preSolution
		HideSolutionNode = FALSE
	EndGlobalSection
	GlobalSection(ExtensibilityGlobals) = postSolution
		SolutionGuid = {795D6197-6750-4FCC-94E5-0C75215EBA46}
	EndGlobalSection
EndGlobal
